
Microsoft Visual Studio Solution File, Format Version 12.00
# Visual Studio Version 17
VisualStudioVersion = 17.1.32319.34
MinimumVisualStudioVersion = 10.0.40219.1
Project("{9A19103F-16F7-4668-BE54-9A1E7A4F7556}") = "Console", "RobotProblemSolution\Console.csproj", "{9F503B07-6FFD-429E-AF69-34EBEC9388EB}"
EndProject
Project("{9A19103F-16F7-4668-BE54-9A1E7A4F7556}") = "MartianRobot", "MartianRobot\MartianRobot.csproj", "{20740276-0651-44D9-9BCD-2AEFC023428A}"
EndProject
Project("{FAE04EC0-301F-11D3-BF4B-00C04F79EFBC}") = "Tests", "Tests\Tests.csproj", "{81A045B8-BA9D-4016-86BB-433C195E3229}"
EndProject
Global
	GlobalSection(SolutionConfigurationPlatforms) = preSolution
		Debug|Any CPU = Debug|Any CPU
		Release|Any CPU = Release|Any CPU
	EndGlobalSection
	GlobalSection(ProjectConfigurationPlatforms) = postSolution
		{9F503B07-6FFD-429E-AF69-34EBEC9388EB}.Debug|Any CPU.ActiveCfg = Debug|Any CPU
		{9F503B07-6FFD-429E-AF69-34EBEC9388EB}.Debug|Any CPU.Build.0 = Debug|Any CPU
		{9F503B07-6FFD-429E-AF69-34EBEC9388EB}.Release|Any CPU.ActiveCfg = Release|Any CPU
		{9F503B07-6FFD-429E-AF69-34EBEC9388EB}.Release|Any CPU.Build.0 = Release|Any CPU
		{20740276-0651-44D9-9BCD-2AEFC023428A}.Debug|Any CPU.ActiveCfg = Debug|Any CPU
		{20740276-0651-44D9-9BCD-2AEFC023428A}.Debug|Any CPU.Build.0 = Debug|Any CPU
		{20740276-0651-44D9-9BCD-2AEFC023428A}.Release|Any CPU.ActiveCfg = Release|Any CPU
		{20740276-0651-44D9-9BCD-2AEFC023428A}.Release|Any CPU.Build.0 = Release|Any CPU
		{81A045B8-BA9D-4016-86BB-433C195E3229}.Debug|Any CPU.ActiveCfg = Debug|Any CPU
		{81A045B8-BA9D-4016-86BB-433C195E3229}.Debug|Any CPU.Build.0 = Debug|Any CPU
		{81A045B8-BA9D-4016-86BB-433C195E3229}.Release|Any CPU.ActiveCfg = Release|Any CPU
		{81A045B8-BA9D-4016-86BB-433C195E3229}.Release|Any CPU.Build.0 = Release|Any CPU
	EndGlobalSection
	GlobalSection(SolutionProperties) = preSolution
		HideSolutionNode = FALSE
	EndGlobalSection
	GlobalSection(ExtensibilityGlobals) = postSolution
		SolutionGuid = {F956975B-32BB-4DB4-8E58-03286073F915}
	EndGlobalSection
EndGlobal
